{
  "name": "muramasa-vn-translation-web",
  "version": "0.0.1",
  "lockfileVersion": 1,
  "requires": true,
  "dependencies": {
    "vn-translation-tools": {
      "version": "https://github.com/klesun-misc/vn-translation-tools/tarball/bb3a03e7c0c9a00e9da5637d6d71d6e10add19df",
      "integrity": "sha512-9v52lS94hneuEXrdl35fGxOmkmNUG6QBrwj/F3f2IWeUxylNJQNMI5Xjku7Jnt3Lxa4b+Km9ZwI886LVxSrkRQ=="
    }
  }
}
