{
  "name": "muramasa-vn-translation-web",
  "version": "0.0.1",
  "lockfileVersion": 1,
  "requires": true,
  "dependencies": {
    "vn-translation-tools": {
      "version": "https://github.com/klesun-misc/vn-translation-tools/tarball/master",
      "integrity": "sha512-7sKDSPy9kbUbIuSKPb9gAMb+t3QX1gvV/gLOfGgI59iG5SOxAvifavpP90vcHYnctluxqURZbGqkfXbye2w6TA=="
    }
  }
}
